
Microsoft Visual Studio Solution File, Format Version 12.00
# Visual Studio 15
VisualStudioVersion = 15.0.28307.852
MinimumVisualStudioVersion = 10.0.40219.1
Project("{FAE04EC0-301F-11D3-BF4B-00C04F79EFBC}") = "Last.Core.Android", "Last.Core\Last.Core.Android\Last.Core.Android.csproj", "{56A71228-D90B-4A6A-AB77-14F4986C35E9}"
EndProject
Project("{FAE04EC0-301F-11D3-BF4B-00C04F79EFBC}") = "Last.Core.iOS", "Last.Core\Last.Core.iOS\Last.Core.iOS.csproj", "{EB7F7308-8EBC-466F-B0E2-F0B5DA183D39}"
EndProject
Project("{FAE04EC0-301F-11D3-BF4B-00C04F79EFBC}") = "Last.Core.UWP", "Last.Core\Last.Core.UWP\Last.Core.UWP.csproj", "{9D2FC1EA-BDB2-433F-8716-103B7F67C3EF}"
EndProject
Project("{FAE04EC0-301F-11D3-BF4B-00C04F79EFBC}") = "Last.Core", "Last.Core\Last.Core\Last.Core.csproj", "{07591600-5DA9-49EA-AC96-38A62056ABEF}"
EndProject
Global
	GlobalSection(SolutionConfigurationPlatforms) = preSolution
		Debug|Any CPU = Debug|Any CPU
		Debug|ARM = Debug|ARM
		Debug|iPhone = Debug|iPhone
		Debug|iPhoneSimulator = Debug|iPhoneSimulator
		Debug|x64 = Debug|x64
		Debug|x86 = Debug|x86
		Release|Any CPU = Release|Any CPU
		Release|ARM = Release|ARM
		Release|iPhone = Release|iPhone
		Release|iPhoneSimulator = Release|iPhoneSimulator
		Release|x64 = Release|x64
		Release|x86 = Release|x86
	EndGlobalSection
	GlobalSection(ProjectConfigurationPlatforms) = postSolution
		{56A71228-D90B-4A6A-AB77-14F4986C35E9}.Debug|Any CPU.ActiveCfg = Debug|Any CPU
		{56A71228-D90B-4A6A-AB77-14F4986C35E9}.Debug|Any CPU.Build.0 = Debug|Any CPU
		{56A71228-D90B-4A6A-AB77-14F4986C35E9}.Debug|Any CPU.Deploy.0 = Debug|Any CPU
		{56A71228-D90B-4A6A-AB77-14F4986C35E9}.Debug|ARM.ActiveCfg = Debug|Any CPU
		{56A71228-D90B-4A6A-AB77-14F4986C35E9}.Debug|ARM.Build.0 = Debug|Any CPU
		{56A71228-D90B-4A6A-AB77-14F4986C35E9}.Debug|ARM.Deploy.0 = Debug|Any CPU
		{56A71228-D90B-4A6A-AB77-14F4986C35E9}.Debug|iPhone.ActiveCfg = Debug|Any CPU
		{56A71228-D90B-4A6A-AB77-14F4986C35E9}.Debug|iPhone.Build.0 = Debug|Any CPU
		{56A71228-D90B-4A6A-AB77-14F4986C35E9}.Debug|iPhone.Deploy.0 = Debug|Any CPU
		{56A71228-D90B-4A6A-AB77-14F4986C35E9}.Debug|iPhoneSimulator.ActiveCfg = Debug|Any CPU
		{56A71228-D90B-4A6A-AB77-14F4986C35E9}.Debug|iPhoneSimulator.Build.0 = Debug|Any CPU
		{56A71228-D90B-4A6A-AB77-14F4986C35E9}.Debug|iPhoneSimulator.Deploy.0 = Debug|Any CPU
		{56A71228-D90B-4A6A-AB77-14F4986C35E9}.Debug|x64.ActiveCfg = Debug|Any CPU
		{56A71228-D90B-4A6A-AB77-14F4986C35E9}.Debug|x64.Build.0 = Debug|Any CPU
		{56A71228-D90B-4A6A-AB77-14F4986C35E9}.Debug|x64.Deploy.0 = Debug|Any CPU
		{56A71228-D90B-4A6A-AB77-14F4986C35E9}.Debug|x86.ActiveCfg = Debug|Any CPU
		{56A71228-D90B-4A6A-AB77-14F4986C35E9}.Debug|x86.Build.0 = Debug|Any CPU
		{56A71228-D90B-4A6A-AB77-14F4986C35E9}.Debug|x86.Deploy.0 = Debug|Any CPU
		{56A71228-D90B-4A6A-AB77-14F4986C35E9}.Release|Any CPU.ActiveCfg = Release|Any CPU
		{56A71228-D90B-4A6A-AB77-14F4986C35E9}.Release|Any CPU.Build.0 = Release|Any CPU
		{56A71228-D90B-4A6A-AB77-14F4986C35E9}.Release|Any CPU.Deploy.0 = Release|Any CPU
		{56A71228-D90B-4A6A-AB77-14F4986C35E9}.Release|ARM.ActiveCfg = Release|Any CPU
		{56A71228-D90B-4A6A-AB77-14F4986C35E9}.Release|ARM.Build.0 = Release|Any CPU
		{56A71228-D90B-4A6A-AB77-14F4986C35E9}.Release|ARM.Deploy.0 = Release|Any CPU
		{56A71228-D90B-4A6A-AB77-14F4986C35E9}.Release|iPhone.ActiveCfg = Release|Any CPU
		{56A71228-D90B-4A6A-AB77-14F4986C35E9}.Release|iPhone.Build.0 = Release|Any CPU
		{56A71228-D90B-4A6A-AB77-14F4986C35E9}.Release|iPhone.Deploy.0 = Release|Any CPU
		{56A71228-D90B-4A6A-AB77-14F4986C35E9}.Release|iPhoneSimulator.ActiveCfg = Release|Any CPU
		{56A71228-D90B-4A6A-AB77-14F4986C35E9}.Release|iPhoneSimulator.Build.0 = Release|Any CPU
		{56A71228-D90B-4A6A-AB77-14F4986C35E9}.Release|iPhoneSimulator.Deploy.0 = Release|Any CPU
		{56A71228-D90B-4A6A-AB77-14F4986C35E9}.Release|x64.ActiveCfg = Release|Any CPU
		{56A71228-D90B-4A6A-AB77-14F4986C35E9}.Release|x64.Build.0 = Release|Any CPU
		{56A71228-D90B-4A6A-AB77-14F4986C35E9}.Release|x64.Deploy.0 = Release|Any CPU
		{56A71228-D90B-4A6A-AB77-14F4986C35E9}.Release|x86.ActiveCfg = Release|Any CPU
		{56A71228-D90B-4A6A-AB77-14F4986C35E9}.Release|x86.Build.0 = Release|Any CPU
		{56A71228-D90B-4A6A-AB77-14F4986C35E9}.Release|x86.Deploy.0 = Release|Any CPU
		{EB7F7308-8EBC-466F-B0E2-F0B5DA183D39}.Debug|Any CPU.ActiveCfg = Debug|iPhoneSimulator
		{EB7F7308-8EBC-466F-B0E2-F0B5DA183D39}.Debug|Any CPU.Build.0 = Debug|iPhoneSimulator
		{EB7F7308-8EBC-466F-B0E2-F0B5DA183D39}.Debug|Any CPU.Deploy.0 = Debug|iPhoneSimulator
		{EB7F7308-8EBC-466F-B0E2-F0B5DA183D39}.Debug|ARM.ActiveCfg = Debug|iPhone
		{EB7F7308-8EBC-466F-B0E2-F0B5DA183D39}.Debug|ARM.Build.0 = Debug|iPhone
		{EB7F7308-8EBC-466F-B0E2-F0B5DA183D39}.Debug|ARM.Deploy.0 = Debug|iPhone
		{EB7F7308-8EBC-466F-B0E2-F0B5DA183D39}.Debug|iPhone.ActiveCfg = Debug|iPhone
		{EB7F7308-8EBC-466F-B0E2-F0B5DA183D39}.Debug|iPhone.Build.0 = Debug|iPhone
		{EB7F7308-8EBC-466F-B0E2-F0B5DA183D39}.Debug|iPhone.Deploy.0 = Debug|iPhone
		{EB7F7308-8EBC-466F-B0E2-F0B5DA183D39}.Debug|iPhoneSimulator.ActiveCfg = Debug|iPhoneSimulator
		{EB7F7308-8EBC-466F-B0E2-F0B5DA183D39}.Debug|iPhoneSimulator.Build.0 = Debug|iPhoneSimulator
		{EB7F7308-8EBC-466F-B0E2-F0B5DA183D39}.Debug|iPhoneSimulator.Deploy.0 = Debug|iPhoneSimulator
		{EB7F7308-8EBC-466F-B0E2-F0B5DA183D39}.Debug|x64.ActiveCfg = Debug|iPhone
		{EB7F7308-8EBC-466F-B0E2-F0B5DA183D39}.Debug|x64.Build.0 = Debug|iPhone
		{EB7F7308-8EBC-466F-B0E2-F0B5DA183D39}.Debug|x64.Deploy.0 = Debug|iPhone
		{EB7F7308-8EBC-466F-B0E2-F0B5DA183D39}.Debug|x86.ActiveCfg = Debug|iPhone
		{EB7F7308-8EBC-466F-B0E2-F0B5DA183D39}.Debug|x86.Build.0 = Debug|iPhone
		{EB7F7308-8EBC-466F-B0E2-F0B5DA183D39}.Debug|x86.Deploy.0 = Debug|iPhone
		{EB7F7308-8EBC-466F-B0E2-F0B5DA183D39}.Release|Any CPU.ActiveCfg = Release|iPhone
		{EB7F7308-8EBC-466F-B0E2-F0B5DA183D39}.Release|Any CPU.Build.0 = Release|iPhone
		{EB7F7308-8EBC-466F-B0E2-F0B5DA183D39}.Release|Any CPU.Deploy.0 = Release|iPhone
		{EB7F7308-8EBC-466F-B0E2-F0B5DA183D39}.Release|ARM.ActiveCfg = Release|iPhone
		{EB7F7308-8EBC-466F-B0E2-F0B5DA183D39}.Release|ARM.Build.0 = Release|iPhone
		{EB7F7308-8EBC-466F-B0E2-F0B5DA183D39}.Release|ARM.Deploy.0 = Release|iPhone
		{EB7F7308-8EBC-466F-B0E2-F0B5DA183D39}.Release|iPhone.ActiveCfg = Release|iPhone
		{EB7F7308-8EBC-466F-B0E2-F0B5DA183D39}.Release|iPhone.Build.0 = Release|iPhone
		{EB7F7308-8EBC-466F-B0E2-F0B5DA183D39}.Release|iPhone.Deploy.0 = Release|iPhone
		{EB7F7308-8EBC-466F-B0E2-F0B5DA183D39}.Release|iPhoneSimulator.ActiveCfg = Release|iPhoneSimulator
		{EB7F7308-8EBC-466F-B0E2-F0B5DA183D39}.Release|iPhoneSimulator.Build.0 = Release|iPhoneSimulator
		{EB7F7308-8EBC-466F-B0E2-F0B5DA183D39}.Release|iPhoneSimulator.Deploy.0 = Release|iPhoneSimulator
		{EB7F7308-8EBC-466F-B0E2-F0B5DA183D39}.Release|x64.ActiveCfg = Release|iPhone
		{EB7F7308-8EBC-466F-B0E2-F0B5DA183D39}.Release|x64.Build.0 = Release|iPhone
		{EB7F7308-8EBC-466F-B0E2-F0B5DA183D39}.Release|x64.Deploy.0 = Release|iPhone
		{EB7F7308-8EBC-466F-B0E2-F0B5DA183D39}.Release|x86.ActiveCfg = Release|iPhone
		{EB7F7308-8EBC-466F-B0E2-F0B5DA183D39}.Release|x86.Build.0 = Release|iPhone
		{EB7F7308-8EBC-466F-B0E2-F0B5DA183D39}.Release|x86.Deploy.0 = Release|iPhone
		{9D2FC1EA-BDB2-433F-8716-103B7F67C3EF}.Debug|Any CPU.ActiveCfg = Debug|x86
		{9D2FC1EA-BDB2-433F-8716-103B7F67C3EF}.Debug|Any CPU.Build.0 = Debug|x86
		{9D2FC1EA-BDB2-433F-8716-103B7F67C3EF}.Debug|Any CPU.Deploy.0 = Debug|x86
		{9D2FC1EA-BDB2-433F-8716-103B7F67C3EF}.Debug|ARM.ActiveCfg = Debug|ARM
		{9D2FC1EA-BDB2-433F-8716-103B7F67C3EF}.Debug|ARM.Build.0 = Debug|ARM
		{9D2FC1EA-BDB2-433F-8716-103B7F67C3EF}.Debug|ARM.Deploy.0 = Debug|ARM
		{9D2FC1EA-BDB2-433F-8716-103B7F67C3EF}.Debug|iPhone.ActiveCfg = Debug|x86
		{9D2FC1EA-BDB2-433F-8716-103B7F67C3EF}.Debug|iPhone.Build.0 = Debug|x86
		{9D2FC1EA-BDB2-433F-8716-103B7F67C3EF}.Debug|iPhone.Deploy.0 = Debug|x86
		{9D2FC1EA-BDB2-433F-8716-103B7F67C3EF}.Debug|iPhoneSimulator.ActiveCfg = Debug|x86
		{9D2FC1EA-BDB2-433F-8716-103B7F67C3EF}.Debug|iPhoneSimulator.Build.0 = Debug|x86
		{9D2FC1EA-BDB2-433F-8716-103B7F67C3EF}.Debug|iPhoneSimulator.Deploy.0 = Debug|x86
		{9D2FC1EA-BDB2-433F-8716-103B7F67C3EF}.Debug|x64.ActiveCfg = Debug|x64
		{9D2FC1EA-BDB2-433F-8716-103B7F67C3EF}.Debug|x64.Build.0 = Debug|x64
		{9D2FC1EA-BDB2-433F-8716-103B7F67C3EF}.Debug|x64.Deploy.0 = Debug|x64
		{9D2FC1EA-BDB2-433F-8716-103B7F67C3EF}.Debug|x86.ActiveCfg = Debug|x86
		{9D2FC1EA-BDB2-433F-8716-103B7F67C3EF}.Debug|x86.Build.0 = Debug|x86
		{9D2FC1EA-BDB2-433F-8716-103B7F67C3EF}.Debug|x86.Deploy.0 = Debug|x86
		{9D2FC1EA-BDB2-433F-8716-103B7F67C3EF}.Release|Any CPU.ActiveCfg = Release|x86
		{9D2FC1EA-BDB2-433F-8716-103B7F67C3EF}.Release|Any CPU.Build.0 = Release|x86
		{9D2FC1EA-BDB2-433F-8716-103B7F67C3EF}.Release|Any CPU.Deploy.0 = Release|x86
		{9D2FC1EA-BDB2-433F-8716-103B7F67C3EF}.Release|ARM.ActiveCfg = Release|ARM
		{9D2FC1EA-BDB2-433F-8716-103B7F67C3EF}.Release|ARM.Build.0 = Release|ARM
		{9D2FC1EA-BDB2-433F-8716-103B7F67C3EF}.Release|ARM.Deploy.0 = Release|ARM
		{9D2FC1EA-BDB2-433F-8716-103B7F67C3EF}.Release|iPhone.ActiveCfg = Release|x86
		{9D2FC1EA-BDB2-433F-8716-103B7F67C3EF}.Release|iPhone.Build.0 = Release|x86
		{9D2FC1EA-BDB2-433F-8716-103B7F67C3EF}.Release|iPhone.Deploy.0 = Release|x86
		{9D2FC1EA-BDB2-433F-8716-103B7F67C3EF}.Release|iPhoneSimulator.ActiveCfg = Release|x86
		{9D2FC1EA-BDB2-433F-8716-103B7F67C3EF}.Release|iPhoneSimulator.Build.0 = Release|x86
		{9D2FC1EA-BDB2-433F-8716-103B7F67C3EF}.Release|iPhoneSimulator.Deploy.0 = Release|x86
		{9D2FC1EA-BDB2-433F-8716-103B7F67C3EF}.Release|x64.ActiveCfg = Release|x64
		{9D2FC1EA-BDB2-433F-8716-103B7F67C3EF}.Release|x64.Build.0 = Release|x64
		{9D2FC1EA-BDB2-433F-8716-103B7F67C3EF}.Release|x64.Deploy.0 = Release|x64
		{9D2FC1EA-BDB2-433F-8716-103B7F67C3EF}.Release|x86.ActiveCfg = Release|x86
		{9D2FC1EA-BDB2-433F-8716-103B7F67C3EF}.Release|x86.Build.0 = Release|x86
		{9D2FC1EA-BDB2-433F-8716-103B7F67C3EF}.Release|x86.Deploy.0 = Release|x86
		{07591600-5DA9-49EA-AC96-38A62056ABEF}.Debug|Any CPU.ActiveCfg = Debug|Any CPU
		{07591600-5DA9-49EA-AC96-38A62056ABEF}.Debug|Any CPU.Build.0 = Debug|Any CPU
		{07591600-5DA9-49EA-AC96-38A62056ABEF}.Debug|Any CPU.Deploy.0 = Debug|Any CPU
		{07591600-5DA9-49EA-AC96-38A62056ABEF}.Debug|ARM.ActiveCfg = Debug|Any CPU
		{07591600-5DA9-49EA-AC96-38A62056ABEF}.Debug|ARM.Build.0 = Debug|Any CPU
		{07591600-5DA9-49EA-AC96-38A62056ABEF}.Debug|ARM.Deploy.0 = Debug|Any CPU
		{07591600-5DA9-49EA-AC96-38A62056ABEF}.Debug|iPhone.ActiveCfg = Debug|Any CPU
		{07591600-5DA9-49EA-AC96-38A62056ABEF}.Debug|iPhone.Build.0 = Debug|Any CPU
		{07591600-5DA9-49EA-AC96-38A62056ABEF}.Debug|iPhone.Deploy.0 = Debug|Any CPU
		{07591600-5DA9-49EA-AC96-38A62056ABEF}.Debug|iPhoneSimulator.ActiveCfg = Debug|Any CPU
		{07591600-5DA9-49EA-AC96-38A62056ABEF}.Debug|iPhoneSimulator.Build.0 = Debug|Any CPU
		{07591600-5DA9-49EA-AC96-38A62056ABEF}.Debug|iPhoneSimulator.Deploy.0 = Debug|Any CPU
		{07591600-5DA9-49EA-AC96-38A62056ABEF}.Debug|x64.ActiveCfg = Debug|Any CPU
		{07591600-5DA9-49EA-AC96-38A62056ABEF}.Debug|x64.Build.0 = Debug|Any CPU
		{07591600-5DA9-49EA-AC96-38A62056ABEF}.Debug|x64.Deploy.0 = Debug|Any CPU
		{07591600-5DA9-49EA-AC96-38A62056ABEF}.Debug|x86.ActiveCfg = Debug|Any CPU
		{07591600-5DA9-49EA-AC96-38A62056ABEF}.Debug|x86.Build.0 = Debug|Any CPU
		{07591600-5DA9-49EA-AC96-38A62056ABEF}.Debug|x86.Deploy.0 = Debug|Any CPU
		{07591600-5DA9-49EA-AC96-38A62056ABEF}.Release|Any CPU.ActiveCfg = Release|Any CPU
		{07591600-5DA9-49EA-AC96-38A62056ABEF}.Release|Any CPU.Build.0 = Release|Any CPU
		{07591600-5DA9-49EA-AC96-38A62056ABEF}.Release|Any CPU.Deploy.0 = Release|Any CPU
		{07591600-5DA9-49EA-AC96-38A62056ABEF}.Release|ARM.ActiveCfg = Release|Any CPU
		{07591600-5DA9-49EA-AC96-38A62056ABEF}.Release|ARM.Build.0 = Release|Any CPU
		{07591600-5DA9-49EA-AC96-38A62056ABEF}.Release|ARM.Deploy.0 = Release|Any CPU
		{07591600-5DA9-49EA-AC96-38A62056ABEF}.Release|iPhone.ActiveCfg = Release|Any CPU
		{07591600-5DA9-49EA-AC96-38A62056ABEF}.Release|iPhone.Build.0 = Release|Any CPU
		{07591600-5DA9-49EA-AC96-38A62056ABEF}.Release|iPhone.Deploy.0 = Release|Any CPU
		{07591600-5DA9-49EA-AC96-38A62056ABEF}.Release|iPhoneSimulator.ActiveCfg = Release|Any CPU
		{07591600-5DA9-49EA-AC96-38A62056ABEF}.Release|iPhoneSimulator.Build.0 = Release|Any CPU
		{07591600-5DA9-49EA-AC96-38A62056ABEF}.Release|iPhoneSimulator.Deploy.0 = Release|Any CPU
		{07591600-5DA9-49EA-AC96-38A62056ABEF}.Release|x64.ActiveCfg = Release|Any CPU
		{07591600-5DA9-49EA-AC96-38A62056ABEF}.Release|x64.Build.0 = Release|Any CPU
		{07591600-5DA9-49EA-AC96-38A62056ABEF}.Release|x64.Deploy.0 = Release|Any CPU
		{07591600-5DA9-49EA-AC96-38A62056ABEF}.Release|x86.ActiveCfg = Release|Any CPU
		{07591600-5DA9-49EA-AC96-38A62056ABEF}.Release|x86.Build.0 = Release|Any CPU
		{07591600-5DA9-49EA-AC96-38A62056ABEF}.Release|x86.Deploy.0 = Release|Any CPU
	EndGlobalSection
	GlobalSection(SolutionProperties) = preSolution
		HideSolutionNode = FALSE
	EndGlobalSection
	GlobalSection(ExtensibilityGlobals) = postSolution
		SolutionGuid = {6A9C2724-EDC0-412C-B242-506DAB8246F6}
	EndGlobalSection
EndGlobal
